{
  "requires": true,
  "lockfileVersion": 1,
  "dependencies": {
    "@yaireo/tagify": {
      "version": "2.10.1",
      "resolved": "https://registry.npmjs.org/@yaireo/tagify/-/tagify-2.10.1.tgz",
      "integrity": "sha512-YPF2M4yfWrqOo9PAbHk6xRze2c4b6edcJ6s+DvSaOTBo6WL9O0aFUfMz5eSM1doHxz08NmY90mewBPB62aITVA=="
    }
  }
}
